
Microsoft Visual Studio Solution File, Format Version 12.00
# Visual Studio 15
VisualStudioVersion = 15.0.28307.572
MinimumVisualStudioVersion = 10.0.40219.1
Project("{FAE04EC0-301F-11D3-BF4B-00C04F79EFBC}") = "LinqExtMethods", "LinqExtMethods\LinqExtMethods.csproj", "{39AA4C90-D5B6-4255-B186-CE273AE61787}"
EndProject
Global
	GlobalSection(SolutionConfigurationPlatforms) = preSolution
		Debug|Any CPU = Debug|Any CPU
		Release|Any CPU = Release|Any CPU
	EndGlobalSection
	GlobalSection(ProjectConfigurationPlatforms) = postSolution
		{39AA4C90-D5B6-4255-B186-CE273AE61787}.Debug|Any CPU.ActiveCfg = Debug|Any CPU
		{39AA4C90-D5B6-4255-B186-CE273AE61787}.Debug|Any CPU.Build.0 = Debug|Any CPU
		{39AA4C90-D5B6-4255-B186-CE273AE61787}.Release|Any CPU.ActiveCfg = Release|Any CPU
		{39AA4C90-D5B6-4255-B186-CE273AE61787}.Release|Any CPU.Build.0 = Release|Any CPU
	EndGlobalSection
	GlobalSection(SolutionProperties) = preSolution
		HideSolutionNode = FALSE
	EndGlobalSection
	GlobalSection(ExtensibilityGlobals) = postSolution
		SolutionGuid = {CAF792F8-F333-47EB-9A7E-41263857042D}
	EndGlobalSection
EndGlobal
