
Microsoft Visual Studio Solution File, Format Version 12.00
# Visual Studio 15
VisualStudioVersion = 15.0.28307.572
MinimumVisualStudioVersion = 10.0.40219.1
Project("{FAE04EC0-301F-11D3-BF4B-00C04F79EFBC}") = "WcfServiceDepartment", "WcfServiceDepartment\WcfServiceDepartment.csproj", "{F78CCA3E-9FFE-4F0F-8E0A-12B5CF7058B1}"
EndProject
Project("{FAE04EC0-301F-11D3-BF4B-00C04F79EFBC}") = "DepClient", "DepClient\DepClient.csproj", "{F762F7A4-9CC2-49AB-92C6-7E6D4939CF94}"
	ProjectSection(ProjectDependencies) = postProject
		{F78CCA3E-9FFE-4F0F-8E0A-12B5CF7058B1} = {F78CCA3E-9FFE-4F0F-8E0A-12B5CF7058B1}
	EndProjectSection
EndProject
Global
	GlobalSection(SolutionConfigurationPlatforms) = preSolution
		Debug|Any CPU = Debug|Any CPU
		Release|Any CPU = Release|Any CPU
	EndGlobalSection
	GlobalSection(ProjectConfigurationPlatforms) = postSolution
		{F78CCA3E-9FFE-4F0F-8E0A-12B5CF7058B1}.Debug|Any CPU.ActiveCfg = Debug|Any CPU
		{F78CCA3E-9FFE-4F0F-8E0A-12B5CF7058B1}.Debug|Any CPU.Build.0 = Debug|Any CPU
		{F78CCA3E-9FFE-4F0F-8E0A-12B5CF7058B1}.Release|Any CPU.ActiveCfg = Release|Any CPU
		{F78CCA3E-9FFE-4F0F-8E0A-12B5CF7058B1}.Release|Any CPU.Build.0 = Release|Any CPU
		{F762F7A4-9CC2-49AB-92C6-7E6D4939CF94}.Debug|Any CPU.ActiveCfg = Debug|Any CPU
		{F762F7A4-9CC2-49AB-92C6-7E6D4939CF94}.Debug|Any CPU.Build.0 = Debug|Any CPU
		{F762F7A4-9CC2-49AB-92C6-7E6D4939CF94}.Release|Any CPU.ActiveCfg = Release|Any CPU
		{F762F7A4-9CC2-49AB-92C6-7E6D4939CF94}.Release|Any CPU.Build.0 = Release|Any CPU
	EndGlobalSection
	GlobalSection(SolutionProperties) = preSolution
		HideSolutionNode = FALSE
	EndGlobalSection
	GlobalSection(ExtensibilityGlobals) = postSolution
		SolutionGuid = {555E6AF3-C4A0-45E6-B33C-0F16179B705C}
	EndGlobalSection
EndGlobal
