
Microsoft Visual Studio Solution File, Format Version 12.00
# Visual Studio 15
VisualStudioVersion = 15.0.28307.572
MinimumVisualStudioVersion = 10.0.40219.1
Project("{FAE04EC0-301F-11D3-BF4B-00C04F79EFBC}") = "ProofOfWork", "ProofOfWork\ProofOfWork.csproj", "{BCA4442A-1CF8-4E4F-A1C1-2519252634B9}"
EndProject
Global
	GlobalSection(SolutionConfigurationPlatforms) = preSolution
		Debug|Any CPU = Debug|Any CPU
		Release|Any CPU = Release|Any CPU
	EndGlobalSection
	GlobalSection(ProjectConfigurationPlatforms) = postSolution
		{BCA4442A-1CF8-4E4F-A1C1-2519252634B9}.Debug|Any CPU.ActiveCfg = Debug|Any CPU
		{BCA4442A-1CF8-4E4F-A1C1-2519252634B9}.Debug|Any CPU.Build.0 = Debug|Any CPU
		{BCA4442A-1CF8-4E4F-A1C1-2519252634B9}.Release|Any CPU.ActiveCfg = Release|Any CPU
		{BCA4442A-1CF8-4E4F-A1C1-2519252634B9}.Release|Any CPU.Build.0 = Release|Any CPU
	EndGlobalSection
	GlobalSection(SolutionProperties) = preSolution
		HideSolutionNode = FALSE
	EndGlobalSection
	GlobalSection(ExtensibilityGlobals) = postSolution
		SolutionGuid = {847A12BD-4A4D-472B-B95C-F8A9449DDCE3}
	EndGlobalSection
EndGlobal
