
Microsoft Visual Studio Solution File, Format Version 12.00
# Visual Studio 15
VisualStudioVersion = 15.0.28307.572
MinimumVisualStudioVersion = 10.0.40219.1
Project("{FAE04EC0-301F-11D3-BF4B-00C04F79EFBC}") = "ChatSocket", "ChatSocket\ChatSocket.csproj", "{684AF1F2-29B5-4C15-8D85-D4B734D1D179}"
EndProject
Global
	GlobalSection(SolutionConfigurationPlatforms) = preSolution
		Debug|Any CPU = Debug|Any CPU
		Release|Any CPU = Release|Any CPU
	EndGlobalSection
	GlobalSection(ProjectConfigurationPlatforms) = postSolution
		{684AF1F2-29B5-4C15-8D85-D4B734D1D179}.Debug|Any CPU.ActiveCfg = Debug|Any CPU
		{684AF1F2-29B5-4C15-8D85-D4B734D1D179}.Debug|Any CPU.Build.0 = Debug|Any CPU
		{684AF1F2-29B5-4C15-8D85-D4B734D1D179}.Release|Any CPU.ActiveCfg = Release|Any CPU
		{684AF1F2-29B5-4C15-8D85-D4B734D1D179}.Release|Any CPU.Build.0 = Release|Any CPU
	EndGlobalSection
	GlobalSection(SolutionProperties) = preSolution
		HideSolutionNode = FALSE
	EndGlobalSection
	GlobalSection(ExtensibilityGlobals) = postSolution
		SolutionGuid = {3DDF1FF8-E9AA-4E33-9AC2-BF63CA42ACB0}
	EndGlobalSection
EndGlobal
