
Microsoft Visual Studio Solution File, Format Version 12.00
# Visual Studio 15
VisualStudioVersion = 15.0.28307.572
MinimumVisualStudioVersion = 10.0.40219.1
Project("{FAE04EC0-301F-11D3-BF4B-00C04F79EFBC}") = "EntityFrameworkRes", "EntityFrameworkRes\EntityFrameworkRes.csproj", "{96F114E2-861E-4083-9B77-BB71DB64CE8B}"
EndProject
Global
	GlobalSection(SolutionConfigurationPlatforms) = preSolution
		Debug|Any CPU = Debug|Any CPU
		Release|Any CPU = Release|Any CPU
	EndGlobalSection
	GlobalSection(ProjectConfigurationPlatforms) = postSolution
		{96F114E2-861E-4083-9B77-BB71DB64CE8B}.Debug|Any CPU.ActiveCfg = Debug|Any CPU
		{96F114E2-861E-4083-9B77-BB71DB64CE8B}.Debug|Any CPU.Build.0 = Debug|Any CPU
		{96F114E2-861E-4083-9B77-BB71DB64CE8B}.Release|Any CPU.ActiveCfg = Release|Any CPU
		{96F114E2-861E-4083-9B77-BB71DB64CE8B}.Release|Any CPU.Build.0 = Release|Any CPU
	EndGlobalSection
	GlobalSection(SolutionProperties) = preSolution
		HideSolutionNode = FALSE
	EndGlobalSection
	GlobalSection(ExtensibilityGlobals) = postSolution
		SolutionGuid = {DEAE5712-F87B-411C-8AB6-F19D5CC82AEA}
	EndGlobalSection
EndGlobal
